
Microsoft Visual Studio Solution File, Format Version 12.00
# Visual Studio Version 17
VisualStudioVersion = 17.5.33424.131
MinimumVisualStudioVersion = 10.0.40219.1
Project("{FAE04EC0-301F-11D3-BF4B-00C04F79EFBC}") = "ASPnet", "ASPnet\ASPnet.csproj", "{EFCA5D2E-84F5-4AAF-8EBA-15C7CEC065B5}"
EndProject
Global
	GlobalSection(SolutionConfigurationPlatforms) = preSolution
		Debug|Any CPU = Debug|Any CPU
		Release|Any CPU = Release|Any CPU
	EndGlobalSection
	GlobalSection(ProjectConfigurationPlatforms) = postSolution
		{EFCA5D2E-84F5-4AAF-8EBA-15C7CEC065B5}.Debug|Any CPU.ActiveCfg = Debug|Any CPU
		{EFCA5D2E-84F5-4AAF-8EBA-15C7CEC065B5}.Debug|Any CPU.Build.0 = Debug|Any CPU
		{EFCA5D2E-84F5-4AAF-8EBA-15C7CEC065B5}.Release|Any CPU.ActiveCfg = Release|Any CPU
		{EFCA5D2E-84F5-4AAF-8EBA-15C7CEC065B5}.Release|Any CPU.Build.0 = Release|Any CPU
	EndGlobalSection
	GlobalSection(SolutionProperties) = preSolution
		HideSolutionNode = FALSE
	EndGlobalSection
	GlobalSection(ExtensibilityGlobals) = postSolution
		SolutionGuid = {27A18C91-063B-4ADC-ABA7-7EFB029E3D15}
	EndGlobalSection
EndGlobal
